
Microsoft Visual Studio Solution File, Format Version 12.00
# Visual Studio Version 17
VisualStudioVersion = 17.0.31919.166
MinimumVisualStudioVersion = 10.0.40219.1
Project("{FAE04EC0-301F-11D3-BF4B-00C04F79EFBC}") = "UnitTests", "UnitTestingExample\UnitTests.csproj", "{13FBC85E-0697-45C8-8C3C-3C9EF2F4D90C}"
EndProject
Project("{FAE04EC0-301F-11D3-BF4B-00C04F79EFBC}") = "Application", "UnitTestExample\Application.csproj", "{3E958CA2-EDFF-4084-95F2-18871DFE67C1}"
EndProject
Global
	GlobalSection(SolutionConfigurationPlatforms) = preSolution
		Debug|Any CPU = Debug|Any CPU
		Release|Any CPU = Release|Any CPU
	EndGlobalSection
	GlobalSection(ProjectConfigurationPlatforms) = postSolution
		{13FBC85E-0697-45C8-8C3C-3C9EF2F4D90C}.Debug|Any CPU.ActiveCfg = Debug|Any CPU
		{13FBC85E-0697-45C8-8C3C-3C9EF2F4D90C}.Debug|Any CPU.Build.0 = Debug|Any CPU
		{13FBC85E-0697-45C8-8C3C-3C9EF2F4D90C}.Release|Any CPU.ActiveCfg = Release|Any CPU
		{13FBC85E-0697-45C8-8C3C-3C9EF2F4D90C}.Release|Any CPU.Build.0 = Release|Any CPU
		{3E958CA2-EDFF-4084-95F2-18871DFE67C1}.Debug|Any CPU.ActiveCfg = Debug|Any CPU
		{3E958CA2-EDFF-4084-95F2-18871DFE67C1}.Debug|Any CPU.Build.0 = Debug|Any CPU
		{3E958CA2-EDFF-4084-95F2-18871DFE67C1}.Release|Any CPU.ActiveCfg = Release|Any CPU
		{3E958CA2-EDFF-4084-95F2-18871DFE67C1}.Release|Any CPU.Build.0 = Release|Any CPU
	EndGlobalSection
	GlobalSection(SolutionProperties) = preSolution
		HideSolutionNode = FALSE
	EndGlobalSection
	GlobalSection(ExtensibilityGlobals) = postSolution
		SolutionGuid = {5E5FF505-54A4-4634-AC2E-B2368673CEAA}
	EndGlobalSection
EndGlobal
